// !$*UTF8*$!
{
	archiveVersion = 1;
	classes = {
	};
	objectVersion = 56;
	objects = {

/* Begin PBXBuildFile section */
		A2FCAF272BD8D3F700D755DC /* Assets.xcassets in Resources */ = {isa = PBXBuildFile; fileRef = A2FCAF262BD8D3F700D755DC /* Assets.xcassets */; };
		A2FCAF2A2BD8D3F700D755DC /* Preview Assets.xcassets in Resources */ = {isa = PBXBuildFile; fileRef = A2FCAF292BD8D3F700D755DC /* Preview Assets.xcassets */; };
		A2FCAF342BD8D3F800D755DC /* TreasureHuntTests.swift in Sources */ = {isa = PBXBuildFile; fileRef = A2FCAF332BD8D3F800D755DC /* TreasureHuntTests.swift */; };
		A2FCAF3E2BD8D3F800D755DC /* TreasureHuntUITests.swift in Sources */ = {isa = PBXBuildFile; fileRef = A2FCAF3D2BD8D3F800D755DC /* TreasureHuntUITests.swift */; };
		A2FCAF402BD8D3F800D755DC /* TreasureHuntUITestsLaunchTests.swift in Sources */ = {isa = PBXBuildFile; fileRef = A2FCAF3F2BD8D3F800D755DC /* TreasureHuntUITestsLaunchTests.swift */; };
		A2FCAFCD2BDB0A0E00D755DC /* MapPage.swift in Sources */ = {isa = PBXBuildFile; fileRef = A2FCAFCC2BDB0A0E00D755DC /* MapPage.swift */; };
		A2FCAFCF2BDB0A3900D755DC /* CoconutTreePage.swift in Sources */ = {isa = PBXBuildFile; fileRef = A2FCAFCE2BDB0A3900D755DC /* CoconutTreePage.swift */; };
		A2FCAFD12BDB0A6D00D755DC /* CavePage.swift in Sources */ = {isa = PBXBuildFile; fileRef = A2FCAFD02BDB0A6D00D755DC /* CavePage.swift */; };
		A2FCAFD32BDB0A8900D755DC /* MagicShellPage.swift in Sources */ = {isa = PBXBuildFile; fileRef = A2FCAFD22BDB0A8900D755DC /* MagicShellPage.swift */; };
		A2FCAFD52BDB0AA500D755DC /* AllPuzzlesCompletedPage.swift in Sources */ = {isa = PBXBuildFile; fileRef = A2FCAFD42BDB0AA500D755DC /* AllPuzzlesCompletedPage.swift */; };
		A2FCAFD72BDB0ABF00D755DC /* FinalIslandPage.swift in Sources */ = {isa = PBXBuildFile; fileRef = A2FCAFD62BDB0ABF00D755DC /* FinalIslandPage.swift */; };
		A2FCAFD92BDB0AE200D755DC /* TreasureOpenedPage.swift in Sources */ = {isa = PBXBuildFile; fileRef = A2FCAFD82BDB0AE200D755DC /* TreasureOpenedPage.swift */; };
		A2FCAFDB2BDB0B1B00D755DC /* LandingPage.swift in Sources */ = {isa = PBXBuildFile; fileRef = A2FCAFDA2BDB0B1B00D755DC /* LandingPage.swift */; };
		A2FCAFDF2BDB0DAA00D755DC /* TreasurehuntApp.swift in Sources */ = {isa = PBXBuildFile; fileRef = A2FCAFDE2BDB0DAA00D755DC /* TreasurehuntApp.swift */; };
		A2FCAFE12BDB13AE00D755DC /* TreasureHuntView.swift in Sources */ = {isa = PBXBuildFile; fileRef = A2FCAFE02BDB13AE00D755DC /* TreasureHuntView.swift */; };
		BEF93A8E2BDF6E6A001F4CB1 /* backgroundMusic.mp3 in Resources */ = {isa = PBXBuildFile; fileRef = BEF93A8D2BDF6E6A001F4CB1 /* backgroundMusic.mp3 */; };
		F5FBE4C62BDE4F65007291A4 /* DiamondView.swift in Sources */ = {isa = PBXBuildFile; fileRef = F5FBE4C52BDE4F65007291A4 /* DiamondView.swift */; };
		F5FBE4C92BDE5DE3007291A4 /* HappyFaceView.swift in Sources */ = {isa = PBXBuildFile; fileRef = F5FBE4C82BDE5DE3007291A4 /* HappyFaceView.swift */; };
		F5FBE4CB2BDE6536007291A4 /* FishView.swift in Sources */ = {isa = PBXBuildFile; fileRef = F5FBE4CA2BDE6536007291A4 /* FishView.swift */; };
		F5FBE4CD2BDE6620007291A4 /* UnhappyFaceView.swift in Sources */ = {isa = PBXBuildFile; fileRef = F5FBE4CC2BDE6620007291A4 /* UnhappyFaceView.swift */; };
/* End PBXBuildFile section */

/* Begin PBXContainerItemProxy section */
		A2FCAF302BD8D3F800D755DC /* PBXContainerItemProxy */ = {
			isa = PBXContainerItemProxy;
			containerPortal = A2FCAF172BD8D3F500D755DC /* Project object */;
			proxyType = 1;
			remoteGlobalIDString = A2FCAF1E2BD8D3F500D755DC;
			remoteInfo = TreasureHunt;
		};
		A2FCAF3A2BD8D3F800D755DC /* PBXContainerItemProxy */ = {
			isa = PBXContainerItemProxy;
			containerPortal = A2FCAF172BD8D3F500D755DC /* Project object */;
			proxyType = 1;
			remoteGlobalIDString = A2FCAF1E2BD8D3F500D755DC;
			remoteInfo = TreasureHunt;
		};
/* End PBXContainerItemProxy section */

/* Begin PBXFileReference section */
		A2FCAF1F2BD8D3F500D755DC /* TreasureHunt.app */ = {isa = PBXFileReference; explicitFileType = wrapper.application; includeInIndex = 0; path = TreasureHunt.app; sourceTree = BUILT_PRODUCTS_DIR; };
		A2FCAF262BD8D3F700D755DC /* Assets.xcassets */ = {isa = PBXFileReference; lastKnownFileType = folder.assetcatalog; path = Assets.xcassets; sourceTree = "<group>"; };
		A2FCAF292BD8D3F700D755DC /* Preview Assets.xcassets */ = {isa = PBXFileReference; lastKnownFileType = folder.assetcatalog; path = "Preview Assets.xcassets"; sourceTree = "<group>"; };
		A2FCAF2F2BD8D3F800D755DC /* TreasureHuntTests.xctest */ = {isa = PBXFileReference; explicitFileType = wrapper.cfbundle; includeInIndex = 0; path = TreasureHuntTests.xctest; sourceTree = BUILT_PRODUCTS_DIR; };
		A2FCAF332BD8D3F800D755DC /* TreasureHuntTests.swift */ = {isa = PBXFileReference; lastKnownFileType = sourcecode.swift; path = TreasureHuntTests.swift; sourceTree = "<group>"; };
		A2FCAF392BD8D3F800D755DC /* TreasureHuntUITests.xctest */ = {isa = PBXFileReference; explicitFileType = wrapper.cfbundle; includeInIndex = 0; path = TreasureHuntUITests.xctest; sourceTree = BUILT_PRODUCTS_DIR; };
		A2FCAF3D2BD8D3F800D755DC /* TreasureHuntUITests.swift */ = {isa = PBXFileReference; lastKnownFileType = sourcecode.swift; path = TreasureHuntUITests.swift; sourceTree = "<group>"; };
		A2FCAF3F2BD8D3F800D755DC /* TreasureHuntUITestsLaunchTests.swift */ = {isa = PBXFileReference; lastKnownFileType = sourcecode.swift; path = TreasureHuntUITestsLaunchTests.swift; sourceTree = "<group>"; };
		A2FCAFCC2BDB0A0E00D755DC /* MapPage.swift */ = {isa = PBXFileReference; lastKnownFileType = sourcecode.swift; path = MapPage.swift; sourceTree = "<group>"; };
		A2FCAFCE2BDB0A3900D755DC /* CoconutTreePage.swift */ = {isa = PBXFileReference; lastKnownFileType = sourcecode.swift; path = CoconutTreePage.swift; sourceTree = "<group>"; };
		A2FCAFD02BDB0A6D00D755DC /* CavePage.swift */ = {isa = PBXFileReference; lastKnownFileType = sourcecode.swift; path = CavePage.swift; sourceTree = "<group>"; };
		A2FCAFD22BDB0A8900D755DC /* MagicShellPage.swift */ = {isa = PBXFileReference; lastKnownFileType = sourcecode.swift; path = MagicShellPage.swift; sourceTree = "<group>"; };
		A2FCAFD42BDB0AA500D755DC /* AllPuzzlesCompletedPage.swift */ = {isa = PBXFileReference; lastKnownFileType = sourcecode.swift; path = AllPuzzlesCompletedPage.swift; sourceTree = "<group>"; };
		A2FCAFD62BDB0ABF00D755DC /* FinalIslandPage.swift */ = {isa = PBXFileReference; lastKnownFileType = sourcecode.swift; path = FinalIslandPage.swift; sourceTree = "<group>"; };
		A2FCAFD82BDB0AE200D755DC /* TreasureOpenedPage.swift */ = {isa = PBXFileReference; lastKnownFileType = sourcecode.swift; path = TreasureOpenedPage.swift; sourceTree = "<group>"; };
		A2FCAFDA2BDB0B1B00D755DC /* LandingPage.swift */ = {isa = PBXFileReference; lastKnownFileType = sourcecode.swift; path = LandingPage.swift; sourceTree = "<group>"; };
		A2FCAFDE2BDB0DAA00D755DC /* TreasurehuntApp.swift */ = {isa = PBXFileReference; lastKnownFileType = sourcecode.swift; path = TreasurehuntApp.swift; sourceTree = "<group>"; };
		A2FCAFE02BDB13AE00D755DC /* TreasureHuntView.swift */ = {isa = PBXFileReference; lastKnownFileType = sourcecode.swift; path = TreasureHuntView.swift; sourceTree = "<group>"; };
		BEF93A8D2BDF6E6A001F4CB1 /* backgroundMusic.mp3 */ = {isa = PBXFileReference; lastKnownFileType = audio.mp3; name = backgroundMusic.mp3; path = Sounds/backgroundMusic.mp3; sourceTree = "<group>"; };
		F5FBE4C52BDE4F65007291A4 /* DiamondView.swift */ = {isa = PBXFileReference; lastKnownFileType = sourcecode.swift; path = DiamondView.swift; sourceTree = "<group>"; };
		F5FBE4C82BDE5DE3007291A4 /* HappyFaceView.swift */ = {isa = PBXFileReference; lastKnownFileType = sourcecode.swift; path = HappyFaceView.swift; sourceTree = "<group>"; };
		F5FBE4CA2BDE6536007291A4 /* FishView.swift */ = {isa = PBXFileReference; lastKnownFileType = sourcecode.swift; path = FishView.swift; sourceTree = "<group>"; };
		F5FBE4CC2BDE6620007291A4 /* UnhappyFaceView.swift */ = {isa = PBXFileReference; lastKnownFileType = sourcecode.swift; path = UnhappyFaceView.swift; sourceTree = "<group>"; };
/* End PBXFileReference section */

/* Begin PBXFrameworksBuildPhase section */
		A2FCAF1C2BD8D3F500D755DC /* Frameworks */ = {
			isa = PBXFrameworksBuildPhase;
			buildActionMask = 2147483647;
			files = (
			);
			runOnlyForDeploymentPostprocessing = 0;
		};
		A2FCAF2C2BD8D3F800D755DC /* Frameworks */ = {
			isa = PBXFrameworksBuildPhase;
			buildActionMask = 2147483647;
			files = (
			);
			runOnlyForDeploymentPostprocessing = 0;
		};
		A2FCAF362BD8D3F800D755DC /* Frameworks */ = {
			isa = PBXFrameworksBuildPhase;
			buildActionMask = 2147483647;
			files = (
			);
			runOnlyForDeploymentPostprocessing = 0;
		};
/* End PBXFrameworksBuildPhase section */

/* Begin PBXGroup section */
		A2FCAF162BD8D3F500D755DC = {
			isa = PBXGroup;
			children = (
				A2FCAF212BD8D3F500D755DC /* TreasureHunt */,
				A2FCAF322BD8D3F800D755DC /* TreasureHuntTests */,
				A2FCAF3C2BD8D3F800D755DC /* TreasureHuntUITests */,
				A2FCAF202BD8D3F500D755DC /* Products */,
			);
			sourceTree = "<group>";
		};
		A2FCAF202BD8D3F500D755DC /* Products */ = {
			isa = PBXGroup;
			children = (
				A2FCAF1F2BD8D3F500D755DC /* TreasureHunt.app */,
				A2FCAF2F2BD8D3F800D755DC /* TreasureHuntTests.xctest */,
				A2FCAF392BD8D3F800D755DC /* TreasureHuntUITests.xctest */,
			);
			name = Products;
			sourceTree = "<group>";
		};
		A2FCAF212BD8D3F500D755DC /* TreasureHunt */ = {
			isa = PBXGroup;
			children = (
				BEF93A8D2BDF6E6A001F4CB1 /* backgroundMusic.mp3 */,
				A2FCAFDE2BDB0DAA00D755DC /* TreasurehuntApp.swift */,
				A2FCAF262BD8D3F700D755DC /* Assets.xcassets */,
				A2FCAF282BD8D3F700D755DC /* Preview Content */,
			);
			path = TreasureHunt;
			sourceTree = "<group>";
		};
		A2FCAF282BD8D3F700D755DC /* Preview Content */ = {
			isa = PBXGroup;
			children = (
				A2FCAF292BD8D3F700D755DC /* Preview Assets.xcassets */,
			);
			path = "Preview Content";
			sourceTree = "<group>";
		};
		A2FCAF322BD8D3F800D755DC /* TreasureHuntTests */ = {
			isa = PBXGroup;
			children = (
				A2FCAF332BD8D3F800D755DC /* TreasureHuntTests.swift */,
			);
			path = TreasureHuntTests;
			sourceTree = "<group>";
		};
		A2FCAF3C2BD8D3F800D755DC /* TreasureHuntUITests */ = {
			isa = PBXGroup;
			children = (
				A2FCAF3D2BD8D3F800D755DC /* TreasureHuntUITests.swift */,
				A2FCAF3F2BD8D3F800D755DC /* TreasureHuntUITestsLaunchTests.swift */,
			);
			path = TreasureHuntUITests;
			sourceTree = "<group>";
		};
		BEF93A8A2BDF5719001F4CB1 /* View */ = {
			isa = PBXGroup;
			children = (
				A2FCAFD42BDB0AA500D755DC /* AllPuzzlesCompletedPage.swift */,
				A2FCAFD02BDB0A6D00D755DC /* CavePage.swift */,
				A2FCAFCE2BDB0A3900D755DC /* CoconutTreePage.swift */,
				F5FBE4C52BDE4F65007291A4 /* DiamondView.swift */,
				A2FCAFD62BDB0ABF00D755DC /* FinalIslandPage.swift */,
				F5FBE4CA2BDE6536007291A4 /* FishView.swift */,
				A2FCAFDA2BDB0B1B00D755DC /* LandingPage.swift */,
				A2FCAFD22BDB0A8900D755DC /* MagicShellPage.swift */,
				A2FCAFCC2BDB0A0E00D755DC /* MapPage.swift */,
				A2FCAFE02BDB13AE00D755DC /* TreasureHuntView.swift */,
				A2FCAFD82BDB0AE200D755DC /* TreasureOpenedPage.swift */,
			);
			path = View;
			sourceTree = "<group>";
		};
		F5FBE4C72BDE5DB8007291A4 /* Components */ = {
			isa = PBXGroup;
			children = (
				F5FBE4C82BDE5DE3007291A4 /* HappyFaceView.swift */,
				F5FBE4CC2BDE6620007291A4 /* UnhappyFaceView.swift */,
			);
			path = Components;
			sourceTree = "<group>";
		};
/* End PBXGroup section */

/* Begin PBXNativeTarget section */
		A2FCAF1E2BD8D3F500D755DC /* TreasureHunt */ = {
			isa = PBXNativeTarget;
			buildConfigurationList = A2FCAF432BD8D3F800D755DC /* Build configuration list for PBXNativeTarget "TreasureHunt" */;
			buildPhases = (
				A2FCAF1B2BD8D3F500D755DC /* Sources */,
				A2FCAF1C2BD8D3F500D755DC /* Frameworks */,
				A2FCAF1D2BD8D3F500D755DC /* Resources */,
			);
			buildRules = (
			);
			dependencies = (
			);
			name = TreasureHunt;
			productName = TreasureHunt;
			productReference = A2FCAF1F2BD8D3F500D755DC /* TreasureHunt.app */;
			productType = "com.apple.product-type.application";
		};
		A2FCAF2E2BD8D3F800D755DC /* TreasureHuntTests */ = {
			isa = PBXNativeTarget;
			buildConfigurationList = A2FCAF462BD8D3F800D755DC /* Build configuration list for PBXNativeTarget "TreasureHuntTests" */;
			buildPhases = (
				A2FCAF2B2BD8D3F800D755DC /* Sources */,
				A2FCAF2C2BD8D3F800D755DC /* Frameworks */,
				A2FCAF2D2BD8D3F800D755DC /* Resources */,
			);
			buildRules = (
			);
			dependencies = (
				A2FCAF312BD8D3F800D755DC /* PBXTargetDependency */,
			);
			name = TreasureHuntTests;
			productName = TreasureHuntTests;
			productReference = A2FCAF2F2BD8D3F800D755DC /* TreasureHuntTests.xctest */;
			productType = "com.apple.product-type.bundle.unit-test";
		};
		A2FCAF382BD8D3F800D755DC /* TreasureHuntUITests */ = {
			isa = PBXNativeTarget;
			buildConfigurationList = A2FCAF492BD8D3F800D755DC /* Build configuration list for PBXNativeTarget "TreasureHuntUITests" */;
			buildPhases = (
				A2FCAF352BD8D3F800D755DC /* Sources */,
				A2FCAF362BD8D3F800D755DC /* Frameworks */,
				A2FCAF372BD8D3F800D755DC /* Resources */,
			);
			buildRules = (
			);
			dependencies = (
				A2FCAF3B2BD8D3F800D755DC /* PBXTargetDependency */,
			);
			name = TreasureHuntUITests;
			productName = TreasureHuntUITests;
			productReference = A2FCAF392BD8D3F800D755DC /* TreasureHuntUITests.xctest */;
			productType = "com.apple.product-type.bundle.ui-testing";
		};
/* End PBXNativeTarget section */

/* Begin PBXProject section */
		A2FCAF172BD8D3F500D755DC /* Project object */ = {
			isa = PBXProject;
			attributes = {
				BuildIndependentTargetsInParallel = 1;
				LastSwiftUpdateCheck = 1520;
				LastUpgradeCheck = 1520;
				TargetAttributes = {
					A2FCAF1E2BD8D3F500D755DC = {
						CreatedOnToolsVersion = 15.2;
					};
					A2FCAF2E2BD8D3F800D755DC = {
						CreatedOnToolsVersion = 15.2;
						TestTargetID = A2FCAF1E2BD8D3F500D755DC;
					};
					A2FCAF382BD8D3F800D755DC = {
						CreatedOnToolsVersion = 15.2;
						TestTargetID = A2FCAF1E2BD8D3F500D755DC;
					};
				};
			};
			buildConfigurationList = A2FCAF1A2BD8D3F500D755DC /* Build configuration list for PBXProject "TreasureHunt" */;
			compatibilityVersion = "Xcode 14.0";
			developmentRegion = en;
			hasScannedForEncodings = 0;
			knownRegions = (
				en,
				Base,
			);
			mainGroup = A2FCAF162BD8D3F500D755DC;
			productRefGroup = A2FCAF202BD8D3F500D755DC /* Products */;
			projectDirPath = "";
			projectRoot = "";
			targets = (
				A2FCAF1E2BD8D3F500D755DC /* TreasureHunt */,
				A2FCAF2E2BD8D3F800D755DC /* TreasureHuntTests */,
				A2FCAF382BD8D3F800D755DC /* TreasureHuntUITests */,
			);
		};
/* End PBXProject section */

/* Begin PBXResourcesBuildPhase section */
		A2FCAF1D2BD8D3F500D755DC /* Resources */ = {
			isa = PBXResourcesBuildPhase;
			buildActionMask = 2147483647;
			files = (
				A2FCAF2A2BD8D3F700D755DC /* Preview Assets.xcassets in Resources */,
				A2FCAF272BD8D3F700D755DC /* Assets.xcassets in Resources */,
			);
			runOnlyForDeploymentPostprocessing = 0;
		};
		A2FCAF2D2BD8D3F800D755DC /* Resources */ = {
			isa = PBXResourcesBuildPhase;
			buildActionMask = 2147483647;
			files = (
			);
			runOnlyForDeploymentPostprocessing = 0;
		};
		A2FCAF372BD8D3F800D755DC /* Resources */ = {
			isa = PBXResourcesBuildPhase;
			buildActionMask = 2147483647;
			files = (
			);
			runOnlyForDeploymentPostprocessing = 0;
		};
/* End PBXResourcesBuildPhase section */

/* Begin PBXSourcesBuildPhase section */
		A2FCAF1B2BD8D3F500D755DC /* Sources */ = {
			isa = PBXSourcesBuildPhase;
			buildActionMask = 2147483647;
			files = (
				A2FCAFCF2BDB0A3900D755DC /* CoconutTreePage.swift in Sources */,
				A2FCAFD12BDB0A6D00D755DC /* CavePage.swift in Sources */,
				A2FCAFE12BDB13AE00D755DC /* TreasureHuntView.swift in Sources */,
				A2FCAFD52BDB0AA500D755DC /* AllPuzzlesCompletedPage.swift in Sources */,
				A2FCAFCD2BDB0A0E00D755DC /* MapPage.swift in Sources */,
				A2FCAFD32BDB0A8900D755DC /* MagicShellPage.swift in Sources */,
				F5FBE4C62BDE4F65007291A4 /* DiamondView.swift in Sources */,
				F5FBE4CD2BDE6620007291A4 /* UnhappyFaceView.swift in Sources */,
				A2FCAFD92BDB0AE200D755DC /* TreasureOpenedPage.swift in Sources */,
				F5FBE4C92BDE5DE3007291A4 /* HappyFaceView.swift in Sources */,
				A2FCAFD72BDB0ABF00D755DC /* FinalIslandPage.swift in Sources */,
				A2FCAFDF2BDB0DAA00D755DC /* TreasurehuntApp.swift in Sources */,
				F5FBE4CB2BDE6536007291A4 /* FishView.swift in Sources */,
				A2FCAFDB2BDB0B1B00D755DC /* LandingPage.swift in Sources */,
			);
			runOnlyForDeploymentPostprocessing = 0;
		};
		A2FCAF2B2BD8D3F800D755DC /* Sources */ = {
			isa = PBXSourcesBuildPhase;
			buildActionMask = 2147483647;
			files = (
				A2FCAF342BD8D3F800D755DC /* TreasureHuntTests.swift in Sources */,
			);
			runOnlyForDeploymentPostprocessing = 0;
		};
		A2FCAF352BD8D3F800D755DC /* Sources */ = {
			isa = PBXSourcesBuildPhase;
			buildActionMask = 2147483647;
			files = (
				A2FCAF402BD8D3F800D755DC /* TreasureHuntUITestsLaunchTests.swift in Sources */,
				A2FCAF3E2BD8D3F800D755DC /* TreasureHuntUITests.swift in Sources */,
			);
			runOnlyForDeploymentPostprocessing = 0;
		};
/* End PBXSourcesBuildPhase section */

/* Begin PBXTargetDependency section */
		A2FCAF312BD8D3F800D755DC /* PBXTargetDependency */ = {
			isa = PBXTargetDependency;
			target = A2FCAF1E2BD8D3F500D755DC /* TreasureHunt */;
			targetProxy = A2FCAF302BD8D3F800D755DC /* PBXContainerItemProxy */;
		};
		A2FCAF3B2BD8D3F800D755DC /* PBXTargetDependency */ = {
			isa = PBXTargetDependency;
			target = A2FCAF1E2BD8D3F500D755DC /* TreasureHunt */;
			targetProxy = A2FCAF3A2BD8D3F800D755DC /* PBXContainerItemProxy */;
		};
/* End PBXTargetDependency section */

/* Begin XCBuildConfiguration section */
		A2FCAF412BD8D3F800D755DC /* Debug */ = {
			isa = XCBuildConfiguration;
			buildSettings = {
				ALWAYS_SEARCH_USER_PATHS = NO;
				ASSETCATALOG_COMPILER_GENERATE_SWIFT_ASSET_SYMBOL_EXTENSIONS = YES;
				CLANG_ANALYZER_NONNULL = YES;
				CLANG_ANALYZER_NUMBER_OBJECT_CONVERSION = YES_AGGRESSIVE;
				CLANG_CXX_LANGUAGE_STANDARD = "gnu++20";
				CLANG_ENABLE_MODULES = YES;
				CLANG_ENABLE_OBJC_ARC = YES;
				CLANG_ENABLE_OBJC_WEAK = YES;
				CLANG_WARN_BLOCK_CAPTURE_AUTORELEASING = YES;
				CLANG_WARN_BOOL_CONVERSION = YES;
				CLANG_WARN_COMMA = YES;
				CLANG_WARN_CONSTANT_CONVERSION = YES;
				CLANG_WARN_DEPRECATED_OBJC_IMPLEMENTATIONS = YES;
				CLANG_WARN_DIRECT_OBJC_ISA_USAGE = YES_ERROR;
				CLANG_WARN_DOCUMENTATION_COMMENTS = YES;
				CLANG_WARN_EMPTY_BODY = YES;
				CLANG_WARN_ENUM_CONVERSION = YES;
				CLANG_WARN_INFINITE_RECURSION = YES;
				CLANG_WARN_INT_CONVERSION = YES;
				CLANG_WARN_NON_LITERAL_NULL_CONVERSION = YES;
				CLANG_WARN_OBJC_IMPLICIT_RETAIN_SELF = YES;
				CLANG_WARN_OBJC_LITERAL_CONVERSION = YES;
				CLANG_WARN_OBJC_ROOT_CLASS = YES_ERROR;
				CLANG_WARN_QUOTED_INCLUDE_IN_FRAMEWORK_HEADER = YES;
				CLANG_WARN_RANGE_LOOP_ANALYSIS = YES;
				CLANG_WARN_STRICT_PROTOTYPES = YES;
				CLANG_WARN_SUSPICIOUS_MOVE = YES;
				CLANG_WARN_UNGUARDED_AVAILABILITY = YES_AGGRESSIVE;
				CLANG_WARN_UNREACHABLE_CODE = YES;
				CLANG_WARN__DUPLICATE_METHOD_MATCH = YES;
				COPY_PHASE_STRIP = NO;
				DEBUG_INFORMATION_FORMAT = dwarf;
				ENABLE_STRICT_OBJC_MSGSEND = YES;
				ENABLE_TESTABILITY = YES;
				ENABLE_USER_SCRIPT_SANDBOXING = YES;
				GCC_C_LANGUAGE_STANDARD = gnu17;
				GCC_DYNAMIC_NO_PIC = NO;
				GCC_NO_COMMON_BLOCKS = YES;
				GCC_OPTIMIZATION_LEVEL = 0;
				GCC_PREPROCESSOR_DEFINITIONS = (
					"DEBUG=1",
					"$(inherited)",
				);
				GCC_WARN_64_TO_32_BIT_CONVERSION = YES;
				GCC_WARN_ABOUT_RETURN_TYPE = YES_ERROR;
				GCC_WARN_UNDECLARED_SELECTOR = YES;
				GCC_WARN_UNINITIALIZED_AUTOS = YES_AGGRESSIVE;
				GCC_WARN_UNUSED_FUNCTION = YES;
				GCC_WARN_UNUSED_VARIABLE = YES;
				IPHONEOS_DEPLOYMENT_TARGET = 17.2;
				LOCALIZATION_PREFERS_STRING_CATALOGS = YES;
				MTL_ENABLE_DEBUG_INFO = INCLUDE_SOURCE;
				MTL_FAST_MATH = YES;
				ONLY_ACTIVE_ARCH = YES;
				SDKROOT = iphoneos;
				SWIFT_ACTIVE_COMPILATION_CONDITIONS = "DEBUG $(inherited)";
				SWIFT_OPTIMIZATION_LEVEL = "-Onone";
			};
			name = Debug;
		};
		A2FCAF422BD8D3F800D755DC /* Release */ = {
			isa = XCBuildConfiguration;
			buildSettings = {
				ALWAYS_SEARCH_USER_PATHS = NO;
				ASSETCATALOG_COMPILER_GENERATE_SWIFT_ASSET_SYMBOL_EXTENSIONS = YES;
				CLANG_ANALYZER_NONNULL = YES;
				CLANG_ANALYZER_NUMBER_OBJECT_CONVERSION = YES_AGGRESSIVE;
				CLANG_CXX_LANGUAGE_STANDARD = "gnu++20";
				CLANG_ENABLE_MODULES = YES;
				CLANG_ENABLE_OBJC_ARC = YES;
				CLANG_ENABLE_OBJC_WEAK = YES;
				CLANG_WARN_BLOCK_CAPTURE_AUTORELEASING = YES;
				CLANG_WARN_BOOL_CONVERSION = YES;
				CLANG_WARN_COMMA = YES;
				CLANG_WARN_CONSTANT_CONVERSION = YES;
				CLANG_WARN_DEPRECATED_OBJC_IMPLEMENTATIONS = YES;
				CLANG_WARN_DIRECT_OBJC_ISA_USAGE = YES_ERROR;
				CLANG_WARN_DOCUMENTATION_COMMENTS = YES;
				CLANG_WARN_EMPTY_BODY = YES;
				CLANG_WARN_ENUM_CONVERSION = YES;
				CLANG_WARN_INFINITE_RECURSION = YES;
				CLANG_WARN_INT_CONVERSION = YES;
				CLANG_WARN_NON_LITERAL_NULL_CONVERSION = YES;
				CLANG_WARN_OBJC_IMPLICIT_RETAIN_SELF = YES;
				CLANG_WARN_OBJC_LITERAL_CONVERSION = YES;
				CLANG_WARN_OBJC_ROOT_CLASS = YES_ERROR;
				CLANG_WARN_QUOTED_INCLUDE_IN_FRAMEWORK_HEADER = YES;
				CLANG_WARN_RANGE_LOOP_ANALYSIS = YES;
				CLANG_WARN_STRICT_PROTOTYPES = YES;
				CLANG_WARN_SUSPICIOUS_MOVE = YES;
				CLANG_WARN_UNGUARDED_AVAILABILITY = YES_AGGRESSIVE;
				CLANG_WARN_UNREACHABLE_CODE = YES;
				CLANG_WARN__DUPLICATE_METHOD_MATCH = YES;
				COPY_PHASE_STRIP = NO;
				DEBUG_INFORMATION_FORMAT = "dwarf-with-dsym";
				ENABLE_NS_ASSERTIONS = NO;
				ENABLE_STRICT_OBJC_MSGSEND = YES;
				ENABLE_USER_SCRIPT_SANDBOXING = YES;
				GCC_C_LANGUAGE_STANDARD = gnu17;
				GCC_NO_COMMON_BLOCKS = YES;
				GCC_WARN_64_TO_32_BIT_CONVERSION = YES;
				GCC_WARN_ABOUT_RETURN_TYPE = YES_ERROR;
				GCC_WARN_UNDECLARED_SELECTOR = YES;
				GCC_WARN_UNINITIALIZED_AUTOS = YES_AGGRESSIVE;
				GCC_WARN_UNUSED_FUNCTION = YES;
				GCC_WARN_UNUSED_VARIABLE = YES;
				IPHONEOS_DEPLOYMENT_TARGET = 17.2;
				LOCALIZATION_PREFERS_STRING_CATALOGS = YES;
				MTL_ENABLE_DEBUG_INFO = NO;
				MTL_FAST_MATH = YES;
				SDKROOT = iphoneos;
				SWIFT_COMPILATION_MODE = wholemodule;
				VALIDATE_PRODUCT = YES;
			};
			name = Release;
		};
		A2FCAF442BD8D3F800D755DC /* Debug */ = {
			isa = XCBuildConfiguration;
			buildSettings = {
				ASSETCATALOG_COMPILER_APPICON_NAME = AppIcon;
				ASSETCATALOG_COMPILER_GLOBAL_ACCENT_COLOR_NAME = AccentColor;
				CODE_SIGN_STYLE = Automatic;
				CURRENT_PROJECT_VERSION = 1;
				DEVELOPMENT_ASSET_PATHS = "\"TreasureHunt/Preview Content\"";
				DEVELOPMENT_TEAM = S6Z46Q6KJT;
				ENABLE_PREVIEWS = YES;
				GENERATE_INFOPLIST_FILE = YES;
				INFOPLIST_KEY_UIApplicationSceneManifest_Generation = YES;
				INFOPLIST_KEY_UIApplicationSupportsIndirectInputEvents = YES;
				INFOPLIST_KEY_UILaunchScreen_Generation = YES;
				INFOPLIST_KEY_UISupportedInterfaceOrientations_iPad = "UIInterfaceOrientationPortrait UIInterfaceOrientationPortraitUpsideDown UIInterfaceOrientationLandscapeLeft UIInterfaceOrientationLandscapeRight";
				INFOPLIST_KEY_UISupportedInterfaceOrientations_iPhone = "UIInterfaceOrientationPortrait UIInterfaceOrientationLandscapeLeft UIInterfaceOrientationLandscapeRight";
				LD_RUNPATH_SEARCH_PATHS = (
					"$(inherited)",
					"@executable_path/Frameworks",
				);
				MARKETING_VERSION = 1.0;
				PRODUCT_BUNDLE_IDENTIFIER = "com.anthony-gufron.TreasureHunt";
				PRODUCT_NAME = "$(TARGET_NAME)";
				SWIFT_EMIT_LOC_STRINGS = YES;
				SWIFT_VERSION = 5.0;
				TARGETED_DEVICE_FAMILY = "1,2";
			};
			name = Debug;
		};
		A2FCAF452BD8D3F800D755DC /* Release */ = {
			isa = XCBuildConfiguration;
			buildSettings = {
				ASSETCATALOG_COMPILER_APPICON_NAME = AppIcon;
				ASSETCATALOG_COMPILER_GLOBAL_ACCENT_COLOR_NAME = AccentColor;
				CODE_SIGN_STYLE = Automatic;
				CURRENT_PROJECT_VERSION = 1;
				DEVELOPMENT_ASSET_PATHS = "\"TreasureHunt/Preview Content\"";
				DEVELOPMENT_TEAM = S6Z46Q6KJT;
				ENABLE_PREVIEWS = YES;
				GENERATE_INFOPLIST_FILE = YES;
				INFOPLIST_KEY_UIApplicationSceneManifest_Generation = YES;
				INFOPLIST_KEY_UIApplicationSupportsIndirectInputEvents = YES;
				INFOPLIST_KEY_UILaunchScreen_Generation = YES;
				INFOPLIST_KEY_UISupportedInterfaceOrientations_iPad = "UIInterfaceOrientationPortrait UIInterfaceOrientationPortraitUpsideDown UIInterfaceOrientationLandscapeLeft UIInterfaceOrientationLandscapeRight";
				INFOPLIST_KEY_UISupportedInterfaceOrientations_iPhone = "UIInterfaceOrientationPortrait UIInterfaceOrientationLandscapeLeft UIInterfaceOrientationLandscapeRight";
				LD_RUNPATH_SEARCH_PATHS = (
					"$(inherited)",
					"@executable_path/Frameworks",
				);
				MARKETING_VERSION = 1.0;
				PRODUCT_BUNDLE_IDENTIFIER = "com.anthony-gufron.TreasureHunt";
				PRODUCT_NAME = "$(TARGET_NAME)";
				SWIFT_EMIT_LOC_STRINGS = YES;
				SWIFT_VERSION = 5.0;
				TARGETED_DEVICE_FAMILY = "1,2";
			};
			name = Release;
		};
		A2FCAF472BD8D3F800D755DC /* Debug */ = {
			isa = XCBuildConfiguration;
			buildSettings = {
				ALWAYS_EMBED_SWIFT_STANDARD_LIBRARIES = YES;
				BUNDLE_LOADER = "$(TEST_HOST)";
				CODE_SIGN_STYLE = Automatic;
				CURRENT_PROJECT_VERSION = 1;
				DEVELOPMENT_TEAM = FTP77G36XW;
				GENERATE_INFOPLIST_FILE = YES;
				IPHONEOS_DEPLOYMENT_TARGET = 17.2;
				MARKETING_VERSION = 1.0;
				PRODUCT_BUNDLE_IDENTIFIER = "com.anthony-gufron.TreasureHuntTests";
				PRODUCT_NAME = "$(TARGET_NAME)";
				SWIFT_EMIT_LOC_STRINGS = NO;
				SWIFT_VERSION = 5.0;
				TARGETED_DEVICE_FAMILY = "1,2";
				TEST_HOST = "$(BUILT_PRODUCTS_DIR)/TreasureHunt.app/$(BUNDLE_EXECUTABLE_FOLDER_PATH)/TreasureHunt";
			};
			name = Debug;
		};
		A2FCAF482BD8D3F800D755DC /* Release */ = {
			isa = XCBuildConfiguration;
			buildSettings = {
				ALWAYS_EMBED_SWIFT_STANDARD_LIBRARIES = YES;
				BUNDLE_LOADER = "$(TEST_HOST)";
				CODE_SIGN_STYLE = Automatic;
				CURRENT_PROJECT_VERSION = 1;
				DEVELOPMENT_TEAM = FTP77G36XW;
				GENERATE_INFOPLIST_FILE = YES;
				IPHONEOS_DEPLOYMENT_TARGET = 17.2;
				MARKETING_VERSION = 1.0;
				PRODUCT_BUNDLE_IDENTIFIER = "com.anthony-gufron.TreasureHuntTests";
				PRODUCT_NAME = "$(TARGET_NAME)";
				SWIFT_EMIT_LOC_STRINGS = NO;
				SWIFT_VERSION = 5.0;
				TARGETED_DEVICE_FAMILY = "1,2";
				TEST_HOST = "$(BUILT_PRODUCTS_DIR)/TreasureHunt.app/$(BUNDLE_EXECUTABLE_FOLDER_PATH)/TreasureHunt";
			};
			name = Release;
		};
		A2FCAF4A2BD8D3F800D755DC /* Debug */ = {
			isa = XCBuildConfiguration;
			buildSettings = {
				ALWAYS_EMBED_SWIFT_STANDARD_LIBRARIES = YES;
				CODE_SIGN_STYLE = Automatic;
				CURRENT_PROJECT_VERSION = 1;
				DEVELOPMENT_TEAM = FTP77G36XW;
				GENERATE_INFOPLIST_FILE = YES;
				MARKETING_VERSION = 1.0;
				PRODUCT_BUNDLE_IDENTIFIER = "com.anthony-gufron.TreasureHuntUITests";
				PRODUCT_NAME = "$(TARGET_NAME)";
				SWIFT_EMIT_LOC_STRINGS = NO;
				SWIFT_VERSION = 5.0;
				TARGETED_DEVICE_FAMILY = "1,2";
				TEST_TARGET_NAME = TreasureHunt;
			};
			name = Debug;
		};
		A2FCAF4B2BD8D3F800D755DC /* Release */ = {
			isa = XCBuildConfiguration;
			buildSettings = {
				ALWAYS_EMBED_SWIFT_STANDARD_LIBRARIES = YES;
				CODE_SIGN_STYLE = Automatic;
				CURRENT_PROJECT_VERSION = 1;
				DEVELOPMENT_TEAM = FTP77G36XW;
				GENERATE_INFOPLIST_FILE = YES;
				MARKETING_VERSION = 1.0;
				PRODUCT_BUNDLE_IDENTIFIER = "com.anthony-gufron.TreasureHuntUITests";
				PRODUCT_NAME = "$(TARGET_NAME)";
				SWIFT_EMIT_LOC_STRINGS = NO;
				SWIFT_VERSION = 5.0;
				TARGETED_DEVICE_FAMILY = "1,2";
				TEST_TARGET_NAME = TreasureHunt;
			};
			name = Release;
		};
/* End XCBuildConfiguration section */

/* Begin XCConfigurationList section */
		A2FCAF1A2BD8D3F500D755DC /* Build configuration list for PBXProject "TreasureHunt" */ = {
			isa = XCConfigurationList;
			buildConfigurations = (
				A2FCAF412BD8D3F800D755DC /* Debug */,
				A2FCAF422BD8D3F800D755DC /* Release */,
			);
			defaultConfigurationIsVisible = 0;
			defaultConfigurationName = Release;
		};
		A2FCAF432BD8D3F800D755DC /* Build configuration list for PBXNativeTarget "TreasureHunt" */ = {
			isa = XCConfigurationList;
			buildConfigurations = (
				A2FCAF442BD8D3F800D755DC /* Debug */,
				A2FCAF452BD8D3F800D755DC /* Release */,
			);
			defaultConfigurationIsVisible = 0;
			defaultConfigurationName = Release;
		};
		A2FCAF462BD8D3F800D755DC /* Build configuration list for PBXNativeTarget "TreasureHuntTests" */ = {
			isa = XCConfigurationList;
			buildConfigurations = (
				A2FCAF472BD8D3F800D755DC /* Debug */,
				A2FCAF482BD8D3F800D755DC /* Release */,
			);
			defaultConfigurationIsVisible = 0;
			defaultConfigurationName = Release;
		};
		A2FCAF492BD8D3F800D755DC /* Build configuration list for PBXNativeTarget "TreasureHuntUITests" */ = {
			isa = XCConfigurationList;
			buildConfigurations = (
				A2FCAF4A2BD8D3F800D755DC /* Debug */,
				A2FCAF4B2BD8D3F800D755DC /* Release */,
			);
			defaultConfigurationIsVisible = 0;
			defaultConfigurationName = Release;
		};
/* End XCConfigurationList section */
	};
	rootObject = A2FCAF172BD8D3F500D755DC /* Project object */;
}
